
Microsoft Visual Studio Solution File, Format Version 12.00
# Visual Studio 14
VisualStudioVersion = 14.0.25420.1
MinimumVisualStudioVersion = 10.0.40219.1
Project("{FAE04EC0-301F-11D3-BF4B-00C04F79EFBC}") = "BongoApp", "BongoApp\BongoApp\BongoApp.csproj", "{A7D3C476-1C18-4FEF-864F-CADE4381F4EE}"
EndProject
Project("{FAE04EC0-301F-11D3-BF4B-00C04F79EFBC}") = "BongoApp.Droid", "BongoApp\BongoApp.Droid\BongoApp.Droid.csproj", "{AEBEF32B-E333-4792-B54E-05865EAE4E4D}"
EndProject
Project("{FAE04EC0-301F-11D3-BF4B-00C04F79EFBC}") = "BongoApp.iOS", "BongoApp\BongoApp.iOS\BongoApp.iOS.csproj", "{E9E05A21-5B78-4014-8C62-D2AD74CC3EAA}"
EndProject
Project("{FAE04EC0-301F-11D3-BF4B-00C04F79EFBC}") = "BongoApp.WinPhone", "BongoApp\BongoApp.WinPhone\BongoApp.WinPhone.csproj", "{BE93D3A5-E1C5-4B79-B2A3-9044BCC66F79}"
EndProject
Project("{FAE04EC0-301F-11D3-BF4B-00C04F79EFBC}") = "BongoApp.UWP", "BongoApp\BongoApp.UWP\BongoApp.UWP.csproj", "{21D88D46-3AF5-4C29-B76C-BF0219EFE973}"
EndProject
Project("{FAE04EC0-301F-11D3-BF4B-00C04F79EFBC}") = "BongoApp.Windows", "BongoApp\BongoApp.Windows\BongoApp.Windows.csproj", "{8E4BBC18-82F8-4EC5-80A8-02A880EDF7BE}"
EndProject
Global
	GlobalSection(SolutionConfigurationPlatforms) = preSolution
		Ad-Hoc|Any CPU = Ad-Hoc|Any CPU
		Ad-Hoc|ARM = Ad-Hoc|ARM
		Ad-Hoc|iPhone = Ad-Hoc|iPhone
		Ad-Hoc|iPhoneSimulator = Ad-Hoc|iPhoneSimulator
		Ad-Hoc|x64 = Ad-Hoc|x64
		Ad-Hoc|x86 = Ad-Hoc|x86
		AppStore|Any CPU = AppStore|Any CPU
		AppStore|ARM = AppStore|ARM
		AppStore|iPhone = AppStore|iPhone
		AppStore|iPhoneSimulator = AppStore|iPhoneSimulator
		AppStore|x64 = AppStore|x64
		AppStore|x86 = AppStore|x86
		Debug|Any CPU = Debug|Any CPU
		Debug|ARM = Debug|ARM
		Debug|iPhone = Debug|iPhone
		Debug|iPhoneSimulator = Debug|iPhoneSimulator
		Debug|x64 = Debug|x64
		Debug|x86 = Debug|x86
		Release|Any CPU = Release|Any CPU
		Release|ARM = Release|ARM
		Release|iPhone = Release|iPhone
		Release|iPhoneSimulator = Release|iPhoneSimulator
		Release|x64 = Release|x64
		Release|x86 = Release|x86
	EndGlobalSection
	GlobalSection(ProjectConfigurationPlatforms) = postSolution
		{A7D3C476-1C18-4FEF-864F-CADE4381F4EE}.Ad-Hoc|Any CPU.ActiveCfg = Release|Any CPU
		{A7D3C476-1C18-4FEF-864F-CADE4381F4EE}.Ad-Hoc|Any CPU.Build.0 = Release|Any CPU
		{A7D3C476-1C18-4FEF-864F-CADE4381F4EE}.Ad-Hoc|ARM.ActiveCfg = Release|Any CPU
		{A7D3C476-1C18-4FEF-864F-CADE4381F4EE}.Ad-Hoc|ARM.Build.0 = Release|Any CPU
		{A7D3C476-1C18-4FEF-864F-CADE4381F4EE}.Ad-Hoc|iPhone.ActiveCfg = Release|Any CPU
		{A7D3C476-1C18-4FEF-864F-CADE4381F4EE}.Ad-Hoc|iPhone.Build.0 = Release|Any CPU
		{A7D3C476-1C18-4FEF-864F-CADE4381F4EE}.Ad-Hoc|iPhoneSimulator.ActiveCfg = Release|Any CPU
		{A7D3C476-1C18-4FEF-864F-CADE4381F4EE}.Ad-Hoc|iPhoneSimulator.Build.0 = Release|Any CPU
		{A7D3C476-1C18-4FEF-864F-CADE4381F4EE}.Ad-Hoc|x64.ActiveCfg = Release|Any CPU
		{A7D3C476-1C18-4FEF-864F-CADE4381F4EE}.Ad-Hoc|x64.Build.0 = Release|Any CPU
		{A7D3C476-1C18-4FEF-864F-CADE4381F4EE}.Ad-Hoc|x86.ActiveCfg = Release|Any CPU
		{A7D3C476-1C18-4FEF-864F-CADE4381F4EE}.Ad-Hoc|x86.Build.0 = Release|Any CPU
		{A7D3C476-1C18-4FEF-864F-CADE4381F4EE}.AppStore|Any CPU.ActiveCfg = Release|Any CPU
		{A7D3C476-1C18-4FEF-864F-CADE4381F4EE}.AppStore|Any CPU.Build.0 = Release|Any CPU
		{A7D3C476-1C18-4FEF-864F-CADE4381F4EE}.AppStore|ARM.ActiveCfg = Release|Any CPU
		{A7D3C476-1C18-4FEF-864F-CADE4381F4EE}.AppStore|ARM.Build.0 = Release|Any CPU
		{A7D3C476-1C18-4FEF-864F-CADE4381F4EE}.AppStore|iPhone.ActiveCfg = Release|Any CPU
		{A7D3C476-1C18-4FEF-864F-CADE4381F4EE}.AppStore|iPhone.Build.0 = Release|Any CPU
		{A7D3C476-1C18-4FEF-864F-CADE4381F4EE}.AppStore|iPhoneSimulator.ActiveCfg = Release|Any CPU
		{A7D3C476-1C18-4FEF-864F-CADE4381F4EE}.AppStore|iPhoneSimulator.Build.0 = Release|Any CPU
		{A7D3C476-1C18-4FEF-864F-CADE4381F4EE}.AppStore|x64.ActiveCfg = Release|Any CPU
		{A7D3C476-1C18-4FEF-864F-CADE4381F4EE}.AppStore|x64.Build.0 = Release|Any CPU
		{A7D3C476-1C18-4FEF-864F-CADE4381F4EE}.AppStore|x86.ActiveCfg = Release|Any CPU
		{A7D3C476-1C18-4FEF-864F-CADE4381F4EE}.AppStore|x86.Build.0 = Release|Any CPU
		{A7D3C476-1C18-4FEF-864F-CADE4381F4EE}.Debug|Any CPU.ActiveCfg = Debug|Any CPU
		{A7D3C476-1C18-4FEF-864F-CADE4381F4EE}.Debug|Any CPU.Build.0 = Debug|Any CPU
		{A7D3C476-1C18-4FEF-864F-CADE4381F4EE}.Debug|ARM.ActiveCfg = Debug|Any CPU
		{A7D3C476-1C18-4FEF-864F-CADE4381F4EE}.Debug|ARM.Build.0 = Debug|Any CPU
		{A7D3C476-1C18-4FEF-864F-CADE4381F4EE}.Debug|iPhone.ActiveCfg = Debug|Any CPU
		{A7D3C476-1C18-4FEF-864F-CADE4381F4EE}.Debug|iPhone.Build.0 = Debug|Any CPU
		{A7D3C476-1C18-4FEF-864F-CADE4381F4EE}.Debug|iPhoneSimulator.ActiveCfg = Debug|Any CPU
		{A7D3C476-1C18-4FEF-864F-CADE4381F4EE}.Debug|iPhoneSimulator.Build.0 = Debug|Any CPU
		{A7D3C476-1C18-4FEF-864F-CADE4381F4EE}.Debug|x64.ActiveCfg = Debug|Any CPU
		{A7D3C476-1C18-4FEF-864F-CADE4381F4EE}.Debug|x64.Build.0 = Debug|Any CPU
		{A7D3C476-1C18-4FEF-864F-CADE4381F4EE}.Debug|x86.ActiveCfg = Debug|Any CPU
		{A7D3C476-1C18-4FEF-864F-CADE4381F4EE}.Debug|x86.Build.0 = Debug|Any CPU
		{A7D3C476-1C18-4FEF-864F-CADE4381F4EE}.Release|Any CPU.ActiveCfg = Release|Any CPU
		{A7D3C476-1C18-4FEF-864F-CADE4381F4EE}.Release|Any CPU.Build.0 = Release|Any CPU
		{A7D3C476-1C18-4FEF-864F-CADE4381F4EE}.Release|ARM.ActiveCfg = Release|Any CPU
		{A7D3C476-1C18-4FEF-864F-CADE4381F4EE}.Release|ARM.Build.0 = Release|Any CPU
		{A7D3C476-1C18-4FEF-864F-CADE4381F4EE}.Release|iPhone.ActiveCfg = Release|Any CPU
		{A7D3C476-1C18-4FEF-864F-CADE4381F4EE}.Release|iPhone.Build.0 = Release|Any CPU
		{A7D3C476-1C18-4FEF-864F-CADE4381F4EE}.Release|iPhoneSimulator.ActiveCfg = Release|Any CPU
		{A7D3C476-1C18-4FEF-864F-CADE4381F4EE}.Release|iPhoneSimulator.Build.0 = Release|Any CPU
		{A7D3C476-1C18-4FEF-864F-CADE4381F4EE}.Release|x64.ActiveCfg = Release|Any CPU
		{A7D3C476-1C18-4FEF-864F-CADE4381F4EE}.Release|x64.Build.0 = Release|Any CPU
		{A7D3C476-1C18-4FEF-864F-CADE4381F4EE}.Release|x86.ActiveCfg = Release|Any CPU
		{A7D3C476-1C18-4FEF-864F-CADE4381F4EE}.Release|x86.Build.0 = Release|Any CPU
		{AEBEF32B-E333-4792-B54E-05865EAE4E4D}.Ad-Hoc|Any CPU.ActiveCfg = Release|Any CPU
		{AEBEF32B-E333-4792-B54E-05865EAE4E4D}.Ad-Hoc|Any CPU.Build.0 = Release|Any CPU
		{AEBEF32B-E333-4792-B54E-05865EAE4E4D}.Ad-Hoc|Any CPU.Deploy.0 = Release|Any CPU
		{AEBEF32B-E333-4792-B54E-05865EAE4E4D}.Ad-Hoc|ARM.ActiveCfg = Release|Any CPU
		{AEBEF32B-E333-4792-B54E-05865EAE4E4D}.Ad-Hoc|ARM.Build.0 = Release|Any CPU
		{AEBEF32B-E333-4792-B54E-05865EAE4E4D}.Ad-Hoc|ARM.Deploy.0 = Release|Any CPU
		{AEBEF32B-E333-4792-B54E-05865EAE4E4D}.Ad-Hoc|iPhone.ActiveCfg = Release|Any CPU
		{AEBEF32B-E333-4792-B54E-05865EAE4E4D}.Ad-Hoc|iPhone.Build.0 = Release|Any CPU
		{AEBEF32B-E333-4792-B54E-05865EAE4E4D}.Ad-Hoc|iPhone.Deploy.0 = Release|Any CPU
		{AEBEF32B-E333-4792-B54E-05865EAE4E4D}.Ad-Hoc|iPhoneSimulator.ActiveCfg = Release|Any CPU
		{AEBEF32B-E333-4792-B54E-05865EAE4E4D}.Ad-Hoc|iPhoneSimulator.Build.0 = Release|Any CPU
		{AEBEF32B-E333-4792-B54E-05865EAE4E4D}.Ad-Hoc|iPhoneSimulator.Deploy.0 = Release|Any CPU
		{AEBEF32B-E333-4792-B54E-05865EAE4E4D}.Ad-Hoc|x64.ActiveCfg = Release|Any CPU
		{AEBEF32B-E333-4792-B54E-05865EAE4E4D}.Ad-Hoc|x64.Build.0 = Release|Any CPU
		{AEBEF32B-E333-4792-B54E-05865EAE4E4D}.Ad-Hoc|x64.Deploy.0 = Release|Any CPU
		{AEBEF32B-E333-4792-B54E-05865EAE4E4D}.Ad-Hoc|x86.ActiveCfg = Release|Any CPU
		{AEBEF32B-E333-4792-B54E-05865EAE4E4D}.Ad-Hoc|x86.Build.0 = Release|Any CPU
		{AEBEF32B-E333-4792-B54E-05865EAE4E4D}.Ad-Hoc|x86.Deploy.0 = Release|Any CPU
		{AEBEF32B-E333-4792-B54E-05865EAE4E4D}.AppStore|Any CPU.ActiveCfg = Release|Any CPU
		{AEBEF32B-E333-4792-B54E-05865EAE4E4D}.AppStore|Any CPU.Build.0 = Release|Any CPU
		{AEBEF32B-E333-4792-B54E-05865EAE4E4D}.AppStore|Any CPU.Deploy.0 = Release|Any CPU
		{AEBEF32B-E333-4792-B54E-05865EAE4E4D}.AppStore|ARM.ActiveCfg = Release|Any CPU
		{AEBEF32B-E333-4792-B54E-05865EAE4E4D}.AppStore|ARM.Build.0 = Release|Any CPU
		{AEBEF32B-E333-4792-B54E-05865EAE4E4D}.AppStore|ARM.Deploy.0 = Release|Any CPU
		{AEBEF32B-E333-4792-B54E-05865EAE4E4D}.AppStore|iPhone.ActiveCfg = Release|Any CPU
		{AEBEF32B-E333-4792-B54E-05865EAE4E4D}.AppStore|iPhone.Build.0 = Release|Any CPU
		{AEBEF32B-E333-4792-B54E-05865EAE4E4D}.AppStore|iPhone.Deploy.0 = Release|Any CPU
		{AEBEF32B-E333-4792-B54E-05865EAE4E4D}.AppStore|iPhoneSimulator.ActiveCfg = Release|Any CPU
		{AEBEF32B-E333-4792-B54E-05865EAE4E4D}.AppStore|iPhoneSimulator.Build.0 = Release|Any CPU
		{AEBEF32B-E333-4792-B54E-05865EAE4E4D}.AppStore|iPhoneSimulator.Deploy.0 = Release|Any CPU
		{AEBEF32B-E333-4792-B54E-05865EAE4E4D}.AppStore|x64.ActiveCfg = Release|Any CPU
		{AEBEF32B-E333-4792-B54E-05865EAE4E4D}.AppStore|x64.Build.0 = Release|Any CPU
		{AEBEF32B-E333-4792-B54E-05865EAE4E4D}.AppStore|x64.Deploy.0 = Release|Any CPU
		{AEBEF32B-E333-4792-B54E-05865EAE4E4D}.AppStore|x86.ActiveCfg = Release|Any CPU
		{AEBEF32B-E333-4792-B54E-05865EAE4E4D}.AppStore|x86.Build.0 = Release|Any CPU
		{AEBEF32B-E333-4792-B54E-05865EAE4E4D}.AppStore|x86.Deploy.0 = Release|Any CPU
		{AEBEF32B-E333-4792-B54E-05865EAE4E4D}.Debug|Any CPU.ActiveCfg = Debug|Any CPU
		{AEBEF32B-E333-4792-B54E-05865EAE4E4D}.Debug|Any CPU.Build.0 = Debug|Any CPU
		{AEBEF32B-E333-4792-B54E-05865EAE4E4D}.Debug|Any CPU.Deploy.0 = Debug|Any CPU
		{AEBEF32B-E333-4792-B54E-05865EAE4E4D}.Debug|ARM.ActiveCfg = Debug|Any CPU
		{AEBEF32B-E333-4792-B54E-05865EAE4E4D}.Debug|ARM.Build.0 = Debug|Any CPU
		{AEBEF32B-E333-4792-B54E-05865EAE4E4D}.Debug|ARM.Deploy.0 = Debug|Any CPU
		{AEBEF32B-E333-4792-B54E-05865EAE4E4D}.Debug|iPhone.ActiveCfg = Debug|Any CPU
		{AEBEF32B-E333-4792-B54E-05865EAE4E4D}.Debug|iPhone.Build.0 = Debug|Any CPU
		{AEBEF32B-E333-4792-B54E-05865EAE4E4D}.Debug|iPhone.Deploy.0 = Debug|Any CPU
		{AEBEF32B-E333-4792-B54E-05865EAE4E4D}.Debug|iPhoneSimulator.ActiveCfg = Debug|Any CPU
		{AEBEF32B-E333-4792-B54E-05865EAE4E4D}.Debug|iPhoneSimulator.Build.0 = Debug|Any CPU
		{AEBEF32B-E333-4792-B54E-05865EAE4E4D}.Debug|iPhoneSimulator.Deploy.0 = Debug|Any CPU
		{AEBEF32B-E333-4792-B54E-05865EAE4E4D}.Debug|x64.ActiveCfg = Debug|Any CPU
		{AEBEF32B-E333-4792-B54E-05865EAE4E4D}.Debug|x64.Build.0 = Debug|Any CPU
		{AEBEF32B-E333-4792-B54E-05865EAE4E4D}.Debug|x64.Deploy.0 = Debug|Any CPU
		{AEBEF32B-E333-4792-B54E-05865EAE4E4D}.Debug|x86.ActiveCfg = Debug|Any CPU
		{AEBEF32B-E333-4792-B54E-05865EAE4E4D}.Debug|x86.Build.0 = Debug|Any CPU
		{AEBEF32B-E333-4792-B54E-05865EAE4E4D}.Debug|x86.Deploy.0 = Debug|Any CPU
		{AEBEF32B-E333-4792-B54E-05865EAE4E4D}.Release|Any CPU.ActiveCfg = Release|Any CPU
		{AEBEF32B-E333-4792-B54E-05865EAE4E4D}.Release|Any CPU.Build.0 = Release|Any CPU
		{AEBEF32B-E333-4792-B54E-05865EAE4E4D}.Release|Any CPU.Deploy.0 = Release|Any CPU
		{AEBEF32B-E333-4792-B54E-05865EAE4E4D}.Release|ARM.ActiveCfg = Release|Any CPU
		{AEBEF32B-E333-4792-B54E-05865EAE4E4D}.Release|ARM.Build.0 = Release|Any CPU
		{AEBEF32B-E333-4792-B54E-05865EAE4E4D}.Release|ARM.Deploy.0 = Release|Any CPU
		{AEBEF32B-E333-4792-B54E-05865EAE4E4D}.Release|iPhone.ActiveCfg = Release|Any CPU
		{AEBEF32B-E333-4792-B54E-05865EAE4E4D}.Release|iPhone.Build.0 = Release|Any CPU
		{AEBEF32B-E333-4792-B54E-05865EAE4E4D}.Release|iPhone.Deploy.0 = Release|Any CPU
		{AEBEF32B-E333-4792-B54E-05865EAE4E4D}.Release|iPhoneSimulator.ActiveCfg = Release|Any CPU
		{AEBEF32B-E333-4792-B54E-05865EAE4E4D}.Release|iPhoneSimulator.Build.0 = Release|Any CPU
		{AEBEF32B-E333-4792-B54E-05865EAE4E4D}.Release|iPhoneSimulator.Deploy.0 = Release|Any CPU
		{AEBEF32B-E333-4792-B54E-05865EAE4E4D}.Release|x64.ActiveCfg = Release|Any CPU
		{AEBEF32B-E333-4792-B54E-05865EAE4E4D}.Release|x64.Build.0 = Release|Any CPU
		{AEBEF32B-E333-4792-B54E-05865EAE4E4D}.Release|x64.Deploy.0 = Release|Any CPU
		{AEBEF32B-E333-4792-B54E-05865EAE4E4D}.Release|x86.ActiveCfg = Release|Any CPU
		{AEBEF32B-E333-4792-B54E-05865EAE4E4D}.Release|x86.Build.0 = Release|Any CPU
		{AEBEF32B-E333-4792-B54E-05865EAE4E4D}.Release|x86.Deploy.0 = Release|Any CPU
		{E9E05A21-5B78-4014-8C62-D2AD74CC3EAA}.Ad-Hoc|Any CPU.ActiveCfg = Ad-Hoc|iPhone
		{E9E05A21-5B78-4014-8C62-D2AD74CC3EAA}.Ad-Hoc|ARM.ActiveCfg = Ad-Hoc|iPhone
		{E9E05A21-5B78-4014-8C62-D2AD74CC3EAA}.Ad-Hoc|iPhone.ActiveCfg = Ad-Hoc|iPhone
		{E9E05A21-5B78-4014-8C62-D2AD74CC3EAA}.Ad-Hoc|iPhone.Build.0 = Ad-Hoc|iPhone
		{E9E05A21-5B78-4014-8C62-D2AD74CC3EAA}.Ad-Hoc|iPhoneSimulator.ActiveCfg = Ad-Hoc|iPhoneSimulator
		{E9E05A21-5B78-4014-8C62-D2AD74CC3EAA}.Ad-Hoc|iPhoneSimulator.Build.0 = Ad-Hoc|iPhoneSimulator
		{E9E05A21-5B78-4014-8C62-D2AD74CC3EAA}.Ad-Hoc|x64.ActiveCfg = Ad-Hoc|iPhone
		{E9E05A21-5B78-4014-8C62-D2AD74CC3EAA}.Ad-Hoc|x86.ActiveCfg = Ad-Hoc|iPhone
		{E9E05A21-5B78-4014-8C62-D2AD74CC3EAA}.AppStore|Any CPU.ActiveCfg = AppStore|iPhone
		{E9E05A21-5B78-4014-8C62-D2AD74CC3EAA}.AppStore|ARM.ActiveCfg = AppStore|iPhone
		{E9E05A21-5B78-4014-8C62-D2AD74CC3EAA}.AppStore|iPhone.ActiveCfg = AppStore|iPhone
		{E9E05A21-5B78-4014-8C62-D2AD74CC3EAA}.AppStore|iPhone.Build.0 = AppStore|iPhone
		{E9E05A21-5B78-4014-8C62-D2AD74CC3EAA}.AppStore|iPhoneSimulator.ActiveCfg = AppStore|iPhoneSimulator
		{E9E05A21-5B78-4014-8C62-D2AD74CC3EAA}.AppStore|iPhoneSimulator.Build.0 = AppStore|iPhoneSimulator
		{E9E05A21-5B78-4014-8C62-D2AD74CC3EAA}.AppStore|x64.ActiveCfg = AppStore|iPhone
		{E9E05A21-5B78-4014-8C62-D2AD74CC3EAA}.AppStore|x86.ActiveCfg = AppStore|iPhone
		{E9E05A21-5B78-4014-8C62-D2AD74CC3EAA}.Debug|Any CPU.ActiveCfg = Debug|iPhone
		{E9E05A21-5B78-4014-8C62-D2AD74CC3EAA}.Debug|ARM.ActiveCfg = Debug|iPhone
		{E9E05A21-5B78-4014-8C62-D2AD74CC3EAA}.Debug|iPhone.ActiveCfg = Debug|iPhone
		{E9E05A21-5B78-4014-8C62-D2AD74CC3EAA}.Debug|iPhone.Build.0 = Debug|iPhone
		{E9E05A21-5B78-4014-8C62-D2AD74CC3EAA}.Debug|iPhoneSimulator.ActiveCfg = Debug|iPhoneSimulator
		{E9E05A21-5B78-4014-8C62-D2AD74CC3EAA}.Debug|iPhoneSimulator.Build.0 = Debug|iPhoneSimulator
		{E9E05A21-5B78-4014-8C62-D2AD74CC3EAA}.Debug|x64.ActiveCfg = Debug|iPhone
		{E9E05A21-5B78-4014-8C62-D2AD74CC3EAA}.Debug|x86.ActiveCfg = Debug|iPhone
		{E9E05A21-5B78-4014-8C62-D2AD74CC3EAA}.Release|Any CPU.ActiveCfg = Release|iPhone
		{E9E05A21-5B78-4014-8C62-D2AD74CC3EAA}.Release|ARM.ActiveCfg = Release|iPhone
		{E9E05A21-5B78-4014-8C62-D2AD74CC3EAA}.Release|iPhone.ActiveCfg = Release|iPhone
		{E9E05A21-5B78-4014-8C62-D2AD74CC3EAA}.Release|iPhone.Build.0 = Release|iPhone
		{E9E05A21-5B78-4014-8C62-D2AD74CC3EAA}.Release|iPhoneSimulator.ActiveCfg = Release|iPhoneSimulator
		{E9E05A21-5B78-4014-8C62-D2AD74CC3EAA}.Release|iPhoneSimulator.Build.0 = Release|iPhoneSimulator
		{E9E05A21-5B78-4014-8C62-D2AD74CC3EAA}.Release|x64.ActiveCfg = Release|iPhone
		{E9E05A21-5B78-4014-8C62-D2AD74CC3EAA}.Release|x86.ActiveCfg = Release|iPhone
		{BE93D3A5-E1C5-4B79-B2A3-9044BCC66F79}.Ad-Hoc|Any CPU.ActiveCfg = Release|Any CPU
		{BE93D3A5-E1C5-4B79-B2A3-9044BCC66F79}.Ad-Hoc|Any CPU.Build.0 = Release|Any CPU
		{BE93D3A5-E1C5-4B79-B2A3-9044BCC66F79}.Ad-Hoc|Any CPU.Deploy.0 = Release|Any CPU
		{BE93D3A5-E1C5-4B79-B2A3-9044BCC66F79}.Ad-Hoc|ARM.ActiveCfg = Release|ARM
		{BE93D3A5-E1C5-4B79-B2A3-9044BCC66F79}.Ad-Hoc|ARM.Build.0 = Release|ARM
		{BE93D3A5-E1C5-4B79-B2A3-9044BCC66F79}.Ad-Hoc|ARM.Deploy.0 = Release|ARM
		{BE93D3A5-E1C5-4B79-B2A3-9044BCC66F79}.Ad-Hoc|iPhone.ActiveCfg = Release|Any CPU
		{BE93D3A5-E1C5-4B79-B2A3-9044BCC66F79}.Ad-Hoc|iPhone.Build.0 = Release|Any CPU
		{BE93D3A5-E1C5-4B79-B2A3-9044BCC66F79}.Ad-Hoc|iPhone.Deploy.0 = Release|Any CPU
		{BE93D3A5-E1C5-4B79-B2A3-9044BCC66F79}.Ad-Hoc|iPhoneSimulator.ActiveCfg = Release|Any CPU
		{BE93D3A5-E1C5-4B79-B2A3-9044BCC66F79}.Ad-Hoc|iPhoneSimulator.Build.0 = Release|Any CPU
		{BE93D3A5-E1C5-4B79-B2A3-9044BCC66F79}.Ad-Hoc|iPhoneSimulator.Deploy.0 = Release|Any CPU
		{BE93D3A5-E1C5-4B79-B2A3-9044BCC66F79}.Ad-Hoc|x64.ActiveCfg = Release|Any CPU
		{BE93D3A5-E1C5-4B79-B2A3-9044BCC66F79}.Ad-Hoc|x64.Build.0 = Release|Any CPU
		{BE93D3A5-E1C5-4B79-B2A3-9044BCC66F79}.Ad-Hoc|x64.Deploy.0 = Release|Any CPU
		{BE93D3A5-E1C5-4B79-B2A3-9044BCC66F79}.Ad-Hoc|x86.ActiveCfg = Release|x86
		{BE93D3A5-E1C5-4B79-B2A3-9044BCC66F79}.Ad-Hoc|x86.Build.0 = Release|x86
		{BE93D3A5-E1C5-4B79-B2A3-9044BCC66F79}.Ad-Hoc|x86.Deploy.0 = Release|x86
		{BE93D3A5-E1C5-4B79-B2A3-9044BCC66F79}.AppStore|Any CPU.ActiveCfg = Release|Any CPU
		{BE93D3A5-E1C5-4B79-B2A3-9044BCC66F79}.AppStore|Any CPU.Build.0 = Release|Any CPU
		{BE93D3A5-E1C5-4B79-B2A3-9044BCC66F79}.AppStore|Any CPU.Deploy.0 = Release|Any CPU
		{BE93D3A5-E1C5-4B79-B2A3-9044BCC66F79}.AppStore|ARM.ActiveCfg = Release|ARM
		{BE93D3A5-E1C5-4B79-B2A3-9044BCC66F79}.AppStore|ARM.Build.0 = Release|ARM
		{BE93D3A5-E1C5-4B79-B2A3-9044BCC66F79}.AppStore|ARM.Deploy.0 = Release|ARM
		{BE93D3A5-E1C5-4B79-B2A3-9044BCC66F79}.AppStore|iPhone.ActiveCfg = Release|Any CPU
		{BE93D3A5-E1C5-4B79-B2A3-9044BCC66F79}.AppStore|iPhone.Build.0 = Release|Any CPU
		{BE93D3A5-E1C5-4B79-B2A3-9044BCC66F79}.AppStore|iPhone.Deploy.0 = Release|Any CPU
		{BE93D3A5-E1C5-4B79-B2A3-9044BCC66F79}.AppStore|iPhoneSimulator.ActiveCfg = Release|Any CPU
		{BE93D3A5-E1C5-4B79-B2A3-9044BCC66F79}.AppStore|iPhoneSimulator.Build.0 = Release|Any CPU
		{BE93D3A5-E1C5-4B79-B2A3-9044BCC66F79}.AppStore|iPhoneSimulator.Deploy.0 = Release|Any CPU
		{BE93D3A5-E1C5-4B79-B2A3-9044BCC66F79}.AppStore|x64.ActiveCfg = Release|Any CPU
		{BE93D3A5-E1C5-4B79-B2A3-9044BCC66F79}.AppStore|x64.Build.0 = Release|Any CPU
		{BE93D3A5-E1C5-4B79-B2A3-9044BCC66F79}.AppStore|x64.Deploy.0 = Release|Any CPU
		{BE93D3A5-E1C5-4B79-B2A3-9044BCC66F79}.AppStore|x86.ActiveCfg = Release|x86
		{BE93D3A5-E1C5-4B79-B2A3-9044BCC66F79}.AppStore|x86.Build.0 = Release|x86
		{BE93D3A5-E1C5-4B79-B2A3-9044BCC66F79}.AppStore|x86.Deploy.0 = Release|x86
		{BE93D3A5-E1C5-4B79-B2A3-9044BCC66F79}.Debug|Any CPU.ActiveCfg = Debug|Any CPU
		{BE93D3A5-E1C5-4B79-B2A3-9044BCC66F79}.Debug|Any CPU.Build.0 = Debug|Any CPU
		{BE93D3A5-E1C5-4B79-B2A3-9044BCC66F79}.Debug|Any CPU.Deploy.0 = Debug|Any CPU
		{BE93D3A5-E1C5-4B79-B2A3-9044BCC66F79}.Debug|ARM.ActiveCfg = Debug|ARM
		{BE93D3A5-E1C5-4B79-B2A3-9044BCC66F79}.Debug|ARM.Build.0 = Debug|ARM
		{BE93D3A5-E1C5-4B79-B2A3-9044BCC66F79}.Debug|ARM.Deploy.0 = Debug|ARM
		{BE93D3A5-E1C5-4B79-B2A3-9044BCC66F79}.Debug|iPhone.ActiveCfg = Debug|Any CPU
		{BE93D3A5-E1C5-4B79-B2A3-9044BCC66F79}.Debug|iPhone.Build.0 = Debug|Any CPU
		{BE93D3A5-E1C5-4B79-B2A3-9044BCC66F79}.Debug|iPhone.Deploy.0 = Debug|Any CPU
		{BE93D3A5-E1C5-4B79-B2A3-9044BCC66F79}.Debug|iPhoneSimulator.ActiveCfg = Debug|Any CPU
		{BE93D3A5-E1C5-4B79-B2A3-9044BCC66F79}.Debug|iPhoneSimulator.Build.0 = Debug|Any CPU
		{BE93D3A5-E1C5-4B79-B2A3-9044BCC66F79}.Debug|iPhoneSimulator.Deploy.0 = Debug|Any CPU
		{BE93D3A5-E1C5-4B79-B2A3-9044BCC66F79}.Debug|x64.ActiveCfg = Debug|Any CPU
		{BE93D3A5-E1C5-4B79-B2A3-9044BCC66F79}.Debug|x64.Build.0 = Debug|Any CPU
		{BE93D3A5-E1C5-4B79-B2A3-9044BCC66F79}.Debug|x64.Deploy.0 = Debug|Any CPU
		{BE93D3A5-E1C5-4B79-B2A3-9044BCC66F79}.Debug|x86.ActiveCfg = Debug|x86
		{BE93D3A5-E1C5-4B79-B2A3-9044BCC66F79}.Debug|x86.Build.0 = Debug|x86
		{BE93D3A5-E1C5-4B79-B2A3-9044BCC66F79}.Debug|x86.Deploy.0 = Debug|x86
		{BE93D3A5-E1C5-4B79-B2A3-9044BCC66F79}.Release|Any CPU.ActiveCfg = Release|Any CPU
		{BE93D3A5-E1C5-4B79-B2A3-9044BCC66F79}.Release|Any CPU.Build.0 = Release|Any CPU
		{BE93D3A5-E1C5-4B79-B2A3-9044BCC66F79}.Release|Any CPU.Deploy.0 = Release|Any CPU
		{BE93D3A5-E1C5-4B79-B2A3-9044BCC66F79}.Release|ARM.ActiveCfg = Release|ARM
		{BE93D3A5-E1C5-4B79-B2A3-9044BCC66F79}.Release|ARM.Build.0 = Release|ARM
		{BE93D3A5-E1C5-4B79-B2A3-9044BCC66F79}.Release|ARM.Deploy.0 = Release|ARM
		{BE93D3A5-E1C5-4B79-B2A3-9044BCC66F79}.Release|iPhone.ActiveCfg = Release|Any CPU
		{BE93D3A5-E1C5-4B79-B2A3-9044BCC66F79}.Release|iPhone.Build.0 = Release|Any CPU
		{BE93D3A5-E1C5-4B79-B2A3-9044BCC66F79}.Release|iPhone.Deploy.0 = Release|Any CPU
		{BE93D3A5-E1C5-4B79-B2A3-9044BCC66F79}.Release|iPhoneSimulator.ActiveCfg = Release|Any CPU
		{BE93D3A5-E1C5-4B79-B2A3-9044BCC66F79}.Release|iPhoneSimulator.Build.0 = Release|Any CPU
		{BE93D3A5-E1C5-4B79-B2A3-9044BCC66F79}.Release|iPhoneSimulator.Deploy.0 = Release|Any CPU
		{BE93D3A5-E1C5-4B79-B2A3-9044BCC66F79}.Release|x64.ActiveCfg = Release|Any CPU
		{BE93D3A5-E1C5-4B79-B2A3-9044BCC66F79}.Release|x64.Build.0 = Release|Any CPU
		{BE93D3A5-E1C5-4B79-B2A3-9044BCC66F79}.Release|x64.Deploy.0 = Release|Any CPU
		{BE93D3A5-E1C5-4B79-B2A3-9044BCC66F79}.Release|x86.ActiveCfg = Release|x86
		{BE93D3A5-E1C5-4B79-B2A3-9044BCC66F79}.Release|x86.Build.0 = Release|x86
		{BE93D3A5-E1C5-4B79-B2A3-9044BCC66F79}.Release|x86.Deploy.0 = Release|x86
		{21D88D46-3AF5-4C29-B76C-BF0219EFE973}.Ad-Hoc|Any CPU.ActiveCfg = Release|x86
		{21D88D46-3AF5-4C29-B76C-BF0219EFE973}.Ad-Hoc|Any CPU.Build.0 = Release|x86
		{21D88D46-3AF5-4C29-B76C-BF0219EFE973}.Ad-Hoc|Any CPU.Deploy.0 = Release|x86
		{21D88D46-3AF5-4C29-B76C-BF0219EFE973}.Ad-Hoc|ARM.ActiveCfg = Release|ARM
		{21D88D46-3AF5-4C29-B76C-BF0219EFE973}.Ad-Hoc|ARM.Build.0 = Release|ARM
		{21D88D46-3AF5-4C29-B76C-BF0219EFE973}.Ad-Hoc|ARM.Deploy.0 = Release|ARM
		{21D88D46-3AF5-4C29-B76C-BF0219EFE973}.Ad-Hoc|iPhone.ActiveCfg = Release|x86
		{21D88D46-3AF5-4C29-B76C-BF0219EFE973}.Ad-Hoc|iPhone.Build.0 = Release|x86
		{21D88D46-3AF5-4C29-B76C-BF0219EFE973}.Ad-Hoc|iPhone.Deploy.0 = Release|x86
		{21D88D46-3AF5-4C29-B76C-BF0219EFE973}.Ad-Hoc|iPhoneSimulator.ActiveCfg = Release|x86
		{21D88D46-3AF5-4C29-B76C-BF0219EFE973}.Ad-Hoc|iPhoneSimulator.Build.0 = Release|x86
		{21D88D46-3AF5-4C29-B76C-BF0219EFE973}.Ad-Hoc|iPhoneSimulator.Deploy.0 = Release|x86
		{21D88D46-3AF5-4C29-B76C-BF0219EFE973}.Ad-Hoc|x64.ActiveCfg = Release|x64
		{21D88D46-3AF5-4C29-B76C-BF0219EFE973}.Ad-Hoc|x64.Build.0 = Release|x64
		{21D88D46-3AF5-4C29-B76C-BF0219EFE973}.Ad-Hoc|x64.Deploy.0 = Release|x64
		{21D88D46-3AF5-4C29-B76C-BF0219EFE973}.Ad-Hoc|x86.ActiveCfg = Release|x86
		{21D88D46-3AF5-4C29-B76C-BF0219EFE973}.Ad-Hoc|x86.Build.0 = Release|x86
		{21D88D46-3AF5-4C29-B76C-BF0219EFE973}.Ad-Hoc|x86.Deploy.0 = Release|x86
		{21D88D46-3AF5-4C29-B76C-BF0219EFE973}.AppStore|Any CPU.ActiveCfg = Release|x86
		{21D88D46-3AF5-4C29-B76C-BF0219EFE973}.AppStore|Any CPU.Build.0 = Release|x86
		{21D88D46-3AF5-4C29-B76C-BF0219EFE973}.AppStore|Any CPU.Deploy.0 = Release|x86
		{21D88D46-3AF5-4C29-B76C-BF0219EFE973}.AppStore|ARM.ActiveCfg = Release|ARM
		{21D88D46-3AF5-4C29-B76C-BF0219EFE973}.AppStore|ARM.Build.0 = Release|ARM
		{21D88D46-3AF5-4C29-B76C-BF0219EFE973}.AppStore|ARM.Deploy.0 = Release|ARM
		{21D88D46-3AF5-4C29-B76C-BF0219EFE973}.AppStore|iPhone.ActiveCfg = Release|x86
		{21D88D46-3AF5-4C29-B76C-BF0219EFE973}.AppStore|iPhone.Build.0 = Release|x86
		{21D88D46-3AF5-4C29-B76C-BF0219EFE973}.AppStore|iPhone.Deploy.0 = Release|x86
		{21D88D46-3AF5-4C29-B76C-BF0219EFE973}.AppStore|iPhoneSimulator.ActiveCfg = Release|x86
		{21D88D46-3AF5-4C29-B76C-BF0219EFE973}.AppStore|iPhoneSimulator.Build.0 = Release|x86
		{21D88D46-3AF5-4C29-B76C-BF0219EFE973}.AppStore|iPhoneSimulator.Deploy.0 = Release|x86
		{21D88D46-3AF5-4C29-B76C-BF0219EFE973}.AppStore|x64.ActiveCfg = Release|x64
		{21D88D46-3AF5-4C29-B76C-BF0219EFE973}.AppStore|x64.Build.0 = Release|x64
		{21D88D46-3AF5-4C29-B76C-BF0219EFE973}.AppStore|x64.Deploy.0 = Release|x64
		{21D88D46-3AF5-4C29-B76C-BF0219EFE973}.AppStore|x86.ActiveCfg = Release|x86
		{21D88D46-3AF5-4C29-B76C-BF0219EFE973}.AppStore|x86.Build.0 = Release|x86
		{21D88D46-3AF5-4C29-B76C-BF0219EFE973}.AppStore|x86.Deploy.0 = Release|x86
		{21D88D46-3AF5-4C29-B76C-BF0219EFE973}.Debug|Any CPU.ActiveCfg = Debug|x86
		{21D88D46-3AF5-4C29-B76C-BF0219EFE973}.Debug|Any CPU.Build.0 = Debug|x86
		{21D88D46-3AF5-4C29-B76C-BF0219EFE973}.Debug|Any CPU.Deploy.0 = Debug|x86
		{21D88D46-3AF5-4C29-B76C-BF0219EFE973}.Debug|ARM.ActiveCfg = Debug|ARM
		{21D88D46-3AF5-4C29-B76C-BF0219EFE973}.Debug|ARM.Build.0 = Debug|ARM
		{21D88D46-3AF5-4C29-B76C-BF0219EFE973}.Debug|ARM.Deploy.0 = Debug|ARM
		{21D88D46-3AF5-4C29-B76C-BF0219EFE973}.Debug|iPhone.ActiveCfg = Debug|x86
		{21D88D46-3AF5-4C29-B76C-BF0219EFE973}.Debug|iPhoneSimulator.ActiveCfg = Debug|x86
		{21D88D46-3AF5-4C29-B76C-BF0219EFE973}.Debug|x64.ActiveCfg = Debug|x64
		{21D88D46-3AF5-4C29-B76C-BF0219EFE973}.Debug|x64.Build.0 = Debug|x64
		{21D88D46-3AF5-4C29-B76C-BF0219EFE973}.Debug|x64.Deploy.0 = Debug|x64
		{21D88D46-3AF5-4C29-B76C-BF0219EFE973}.Debug|x86.ActiveCfg = Debug|x86
		{21D88D46-3AF5-4C29-B76C-BF0219EFE973}.Debug|x86.Build.0 = Debug|x86
		{21D88D46-3AF5-4C29-B76C-BF0219EFE973}.Debug|x86.Deploy.0 = Debug|x86
		{21D88D46-3AF5-4C29-B76C-BF0219EFE973}.Release|Any CPU.ActiveCfg = Release|x86
		{21D88D46-3AF5-4C29-B76C-BF0219EFE973}.Release|ARM.ActiveCfg = Release|ARM
		{21D88D46-3AF5-4C29-B76C-BF0219EFE973}.Release|ARM.Build.0 = Release|ARM
		{21D88D46-3AF5-4C29-B76C-BF0219EFE973}.Release|ARM.Deploy.0 = Release|ARM
		{21D88D46-3AF5-4C29-B76C-BF0219EFE973}.Release|iPhone.ActiveCfg = Release|x86
		{21D88D46-3AF5-4C29-B76C-BF0219EFE973}.Release|iPhoneSimulator.ActiveCfg = Release|x86
		{21D88D46-3AF5-4C29-B76C-BF0219EFE973}.Release|x64.ActiveCfg = Release|x64
		{21D88D46-3AF5-4C29-B76C-BF0219EFE973}.Release|x64.Build.0 = Release|x64
		{21D88D46-3AF5-4C29-B76C-BF0219EFE973}.Release|x64.Deploy.0 = Release|x64
		{21D88D46-3AF5-4C29-B76C-BF0219EFE973}.Release|x86.ActiveCfg = Release|x86
		{21D88D46-3AF5-4C29-B76C-BF0219EFE973}.Release|x86.Build.0 = Release|x86
		{21D88D46-3AF5-4C29-B76C-BF0219EFE973}.Release|x86.Deploy.0 = Release|x86
		{8E4BBC18-82F8-4EC5-80A8-02A880EDF7BE}.Ad-Hoc|Any CPU.ActiveCfg = Release|Any CPU
		{8E4BBC18-82F8-4EC5-80A8-02A880EDF7BE}.Ad-Hoc|Any CPU.Build.0 = Release|Any CPU
		{8E4BBC18-82F8-4EC5-80A8-02A880EDF7BE}.Ad-Hoc|Any CPU.Deploy.0 = Release|Any CPU
		{8E4BBC18-82F8-4EC5-80A8-02A880EDF7BE}.Ad-Hoc|ARM.ActiveCfg = Release|ARM
		{8E4BBC18-82F8-4EC5-80A8-02A880EDF7BE}.Ad-Hoc|ARM.Build.0 = Release|ARM
		{8E4BBC18-82F8-4EC5-80A8-02A880EDF7BE}.Ad-Hoc|ARM.Deploy.0 = Release|ARM
		{8E4BBC18-82F8-4EC5-80A8-02A880EDF7BE}.Ad-Hoc|iPhone.ActiveCfg = Release|Any CPU
		{8E4BBC18-82F8-4EC5-80A8-02A880EDF7BE}.Ad-Hoc|iPhone.Build.0 = Release|Any CPU
		{8E4BBC18-82F8-4EC5-80A8-02A880EDF7BE}.Ad-Hoc|iPhone.Deploy.0 = Release|Any CPU
		{8E4BBC18-82F8-4EC5-80A8-02A880EDF7BE}.Ad-Hoc|iPhoneSimulator.ActiveCfg = Release|Any CPU
		{8E4BBC18-82F8-4EC5-80A8-02A880EDF7BE}.Ad-Hoc|iPhoneSimulator.Build.0 = Release|Any CPU
		{8E4BBC18-82F8-4EC5-80A8-02A880EDF7BE}.Ad-Hoc|iPhoneSimulator.Deploy.0 = Release|Any CPU
		{8E4BBC18-82F8-4EC5-80A8-02A880EDF7BE}.Ad-Hoc|x64.ActiveCfg = Release|x64
		{8E4BBC18-82F8-4EC5-80A8-02A880EDF7BE}.Ad-Hoc|x64.Build.0 = Release|x64
		{8E4BBC18-82F8-4EC5-80A8-02A880EDF7BE}.Ad-Hoc|x64.Deploy.0 = Release|x64
		{8E4BBC18-82F8-4EC5-80A8-02A880EDF7BE}.Ad-Hoc|x86.ActiveCfg = Release|x86
		{8E4BBC18-82F8-4EC5-80A8-02A880EDF7BE}.Ad-Hoc|x86.Build.0 = Release|x86
		{8E4BBC18-82F8-4EC5-80A8-02A880EDF7BE}.Ad-Hoc|x86.Deploy.0 = Release|x86
		{8E4BBC18-82F8-4EC5-80A8-02A880EDF7BE}.AppStore|Any CPU.ActiveCfg = Release|Any CPU
		{8E4BBC18-82F8-4EC5-80A8-02A880EDF7BE}.AppStore|Any CPU.Build.0 = Release|Any CPU
		{8E4BBC18-82F8-4EC5-80A8-02A880EDF7BE}.AppStore|Any CPU.Deploy.0 = Release|Any CPU
		{8E4BBC18-82F8-4EC5-80A8-02A880EDF7BE}.AppStore|ARM.ActiveCfg = Release|ARM
		{8E4BBC18-82F8-4EC5-80A8-02A880EDF7BE}.AppStore|ARM.Build.0 = Release|ARM
		{8E4BBC18-82F8-4EC5-80A8-02A880EDF7BE}.AppStore|ARM.Deploy.0 = Release|ARM
		{8E4BBC18-82F8-4EC5-80A8-02A880EDF7BE}.AppStore|iPhone.ActiveCfg = Release|Any CPU
		{8E4BBC18-82F8-4EC5-80A8-02A880EDF7BE}.AppStore|iPhone.Build.0 = Release|Any CPU
		{8E4BBC18-82F8-4EC5-80A8-02A880EDF7BE}.AppStore|iPhone.Deploy.0 = Release|Any CPU
		{8E4BBC18-82F8-4EC5-80A8-02A880EDF7BE}.AppStore|iPhoneSimulator.ActiveCfg = Release|Any CPU
		{8E4BBC18-82F8-4EC5-80A8-02A880EDF7BE}.AppStore|iPhoneSimulator.Build.0 = Release|Any CPU
		{8E4BBC18-82F8-4EC5-80A8-02A880EDF7BE}.AppStore|iPhoneSimulator.Deploy.0 = Release|Any CPU
		{8E4BBC18-82F8-4EC5-80A8-02A880EDF7BE}.AppStore|x64.ActiveCfg = Release|x64
		{8E4BBC18-82F8-4EC5-80A8-02A880EDF7BE}.AppStore|x64.Build.0 = Release|x64
		{8E4BBC18-82F8-4EC5-80A8-02A880EDF7BE}.AppStore|x64.Deploy.0 = Release|x64
		{8E4BBC18-82F8-4EC5-80A8-02A880EDF7BE}.AppStore|x86.ActiveCfg = Release|x86
		{8E4BBC18-82F8-4EC5-80A8-02A880EDF7BE}.AppStore|x86.Build.0 = Release|x86
		{8E4BBC18-82F8-4EC5-80A8-02A880EDF7BE}.AppStore|x86.Deploy.0 = Release|x86
		{8E4BBC18-82F8-4EC5-80A8-02A880EDF7BE}.Debug|Any CPU.ActiveCfg = Debug|Any CPU
		{8E4BBC18-82F8-4EC5-80A8-02A880EDF7BE}.Debug|Any CPU.Build.0 = Debug|Any CPU
		{8E4BBC18-82F8-4EC5-80A8-02A880EDF7BE}.Debug|Any CPU.Deploy.0 = Debug|Any CPU
		{8E4BBC18-82F8-4EC5-80A8-02A880EDF7BE}.Debug|ARM.ActiveCfg = Debug|ARM
		{8E4BBC18-82F8-4EC5-80A8-02A880EDF7BE}.Debug|ARM.Build.0 = Debug|ARM
		{8E4BBC18-82F8-4EC5-80A8-02A880EDF7BE}.Debug|ARM.Deploy.0 = Debug|ARM
		{8E4BBC18-82F8-4EC5-80A8-02A880EDF7BE}.Debug|iPhone.ActiveCfg = Debug|Any CPU
		{8E4BBC18-82F8-4EC5-80A8-02A880EDF7BE}.Debug|iPhone.Build.0 = Debug|Any CPU
		{8E4BBC18-82F8-4EC5-80A8-02A880EDF7BE}.Debug|iPhone.Deploy.0 = Debug|Any CPU
		{8E4BBC18-82F8-4EC5-80A8-02A880EDF7BE}.Debug|iPhoneSimulator.ActiveCfg = Debug|Any CPU
		{8E4BBC18-82F8-4EC5-80A8-02A880EDF7BE}.Debug|iPhoneSimulator.Build.0 = Debug|Any CPU
		{8E4BBC18-82F8-4EC5-80A8-02A880EDF7BE}.Debug|iPhoneSimulator.Deploy.0 = Debug|Any CPU
		{8E4BBC18-82F8-4EC5-80A8-02A880EDF7BE}.Debug|x64.ActiveCfg = Debug|x64
		{8E4BBC18-82F8-4EC5-80A8-02A880EDF7BE}.Debug|x64.Build.0 = Debug|x64
		{8E4BBC18-82F8-4EC5-80A8-02A880EDF7BE}.Debug|x64.Deploy.0 = Debug|x64
		{8E4BBC18-82F8-4EC5-80A8-02A880EDF7BE}.Debug|x86.ActiveCfg = Debug|x86
		{8E4BBC18-82F8-4EC5-80A8-02A880EDF7BE}.Debug|x86.Build.0 = Debug|x86
		{8E4BBC18-82F8-4EC5-80A8-02A880EDF7BE}.Debug|x86.Deploy.0 = Debug|x86
		{8E4BBC18-82F8-4EC5-80A8-02A880EDF7BE}.Release|Any CPU.ActiveCfg = Release|Any CPU
		{8E4BBC18-82F8-4EC5-80A8-02A880EDF7BE}.Release|Any CPU.Build.0 = Release|Any CPU
		{8E4BBC18-82F8-4EC5-80A8-02A880EDF7BE}.Release|Any CPU.Deploy.0 = Release|Any CPU
		{8E4BBC18-82F8-4EC5-80A8-02A880EDF7BE}.Release|ARM.ActiveCfg = Release|ARM
		{8E4BBC18-82F8-4EC5-80A8-02A880EDF7BE}.Release|ARM.Build.0 = Release|ARM
		{8E4BBC18-82F8-4EC5-80A8-02A880EDF7BE}.Release|ARM.Deploy.0 = Release|ARM
		{8E4BBC18-82F8-4EC5-80A8-02A880EDF7BE}.Release|iPhone.ActiveCfg = Release|Any CPU
		{8E4BBC18-82F8-4EC5-80A8-02A880EDF7BE}.Release|iPhone.Build.0 = Release|Any CPU
		{8E4BBC18-82F8-4EC5-80A8-02A880EDF7BE}.Release|iPhone.Deploy.0 = Release|Any CPU
		{8E4BBC18-82F8-4EC5-80A8-02A880EDF7BE}.Release|iPhoneSimulator.ActiveCfg = Release|Any CPU
		{8E4BBC18-82F8-4EC5-80A8-02A880EDF7BE}.Release|iPhoneSimulator.Build.0 = Release|Any CPU
		{8E4BBC18-82F8-4EC5-80A8-02A880EDF7BE}.Release|iPhoneSimulator.Deploy.0 = Release|Any CPU
		{8E4BBC18-82F8-4EC5-80A8-02A880EDF7BE}.Release|x64.ActiveCfg = Release|x64
		{8E4BBC18-82F8-4EC5-80A8-02A880EDF7BE}.Release|x64.Build.0 = Release|x64
		{8E4BBC18-82F8-4EC5-80A8-02A880EDF7BE}.Release|x64.Deploy.0 = Release|x64
		{8E4BBC18-82F8-4EC5-80A8-02A880EDF7BE}.Release|x86.ActiveCfg = Release|x86
		{8E4BBC18-82F8-4EC5-80A8-02A880EDF7BE}.Release|x86.Build.0 = Release|x86
		{8E4BBC18-82F8-4EC5-80A8-02A880EDF7BE}.Release|x86.Deploy.0 = Release|x86
	EndGlobalSection
	GlobalSection(SolutionProperties) = preSolution
		HideSolutionNode = FALSE
	EndGlobalSection
EndGlobal
